
Microsoft Visual Studio Solution File, Format Version 12.00
# Visual Studio Version 17
VisualStudioVersion = 17.11.35312.102
MinimumVisualStudioVersion = 10.0.40219.1
Project("{8BC9CEB8-8B4A-11D0-8D11-00A0C91BC942}") = "PapasPizzeria", "PapasPizzeria.vcxproj", "{01ED6704-86BC-4476-BCF9-83CF4CDD88D6}"
EndProject
Global
	GlobalSection(SolutionConfigurationPlatforms) = preSolution
		Debug|x64 = Debug|x64
		Debug|x86 = Debug|x86
		Release|x64 = Release|x64
		Release|x86 = Release|x86
		To3DS|x64 = To3DS|x64
		To3DS|x86 = To3DS|x86
	EndGlobalSection
	GlobalSection(ProjectConfigurationPlatforms) = postSolution
		{01ED6704-86BC-4476-BCF9-83CF4CDD88D6}.Debug|x64.ActiveCfg = Debug|x64
		{01ED6704-86BC-4476-BCF9-83CF4CDD88D6}.Debug|x64.Build.0 = Debug|x64
		{01ED6704-86BC-4476-BCF9-83CF4CDD88D6}.Debug|x86.ActiveCfg = Debug|Win32
		{01ED6704-86BC-4476-BCF9-83CF4CDD88D6}.Debug|x86.Build.0 = Debug|Win32
		{01ED6704-86BC-4476-BCF9-83CF4CDD88D6}.Release|x64.ActiveCfg = Release|x64
		{01ED6704-86BC-4476-BCF9-83CF4CDD88D6}.Release|x64.Build.0 = Release|x64
		{01ED6704-86BC-4476-BCF9-83CF4CDD88D6}.Release|x86.ActiveCfg = Release|Win32
		{01ED6704-86BC-4476-BCF9-83CF4CDD88D6}.Release|x86.Build.0 = Release|Win32
		{01ED6704-86BC-4476-BCF9-83CF4CDD88D6}.To3DS|x64.ActiveCfg = To3DS|x64
		{01ED6704-86BC-4476-BCF9-83CF4CDD88D6}.To3DS|x64.Build.0 = To3DS|x64
		{01ED6704-86BC-4476-BCF9-83CF4CDD88D6}.To3DS|x86.ActiveCfg = To3DS|Win32
		{01ED6704-86BC-4476-BCF9-83CF4CDD88D6}.To3DS|x86.Build.0 = To3DS|Win32
	EndGlobalSection
	GlobalSection(SolutionProperties) = preSolution
		HideSolutionNode = FALSE
	EndGlobalSection
	GlobalSection(ExtensibilityGlobals) = postSolution
		SolutionGuid = {779CCD62-CD18-4F70-8FE1-2DD07EF54FD2}
	EndGlobalSection
EndGlobal
